// !$*UTF8*$!
{
	archiveVersion = 1;
	classes = {
	};
	objectVersion = 56;
	objects = {

/* Begin PBXBuildFile section */
		77FEC0292C6F6AE800523426 /* LifeOrDeathApp.swift in Sources */ = {isa = PBXBuildFile; fileRef = 77FEC0282C6F6AE800523426 /* LifeOrDeathApp.swift */; };
		77FEC02B2C6F6AE800523426 /* ContentView.swift in Sources */ = {isa = PBXBuildFile; fileRef = 77FEC02A2C6F6AE800523426 /* ContentView.swift */; };
		77FEC02D2C6F6AEC00523426 /* Assets.xcassets in Resources */ = {isa = PBXBuildFile; fileRef = 77FEC02C2C6F6AEC00523426 /* Assets.xcassets */; };
		77FEC0302C6F6AEC00523426 /* Preview Assets.xcassets in Resources */ = {isa = PBXBuildFile; fileRef = 77FEC02F2C6F6AEC00523426 /* Preview Assets.xcassets */; };
		77FEC03A2C6F6AEC00523426 /* LifeOrDeathTests.swift in Sources */ = {isa = PBXBuildFile; fileRef = 77FEC0392C6F6AEC00523426 /* LifeOrDeathTests.swift */; };
		77FEC0442C6F6AEC00523426 /* LifeOrDeathUITests.swift in Sources */ = {isa = PBXBuildFile; fileRef = 77FEC0432C6F6AEC00523426 /* LifeOrDeathUITests.swift */; };
		77FEC0462C6F6AEC00523426 /* LifeOrDeathUITestsLaunchTests.swift in Sources */ = {isa = PBXBuildFile; fileRef = 77FEC0452C6F6AEC00523426 /* LifeOrDeathUITestsLaunchTests.swift */; };
/* End PBXBuildFile section */

/* Begin PBXContainerItemProxy section */
		77FEC0362C6F6AEC00523426 /* PBXContainerItemProxy */ = {
			isa = PBXContainerItemProxy;
			containerPortal = 77FEC01D2C6F6AE800523426 /* Project object */;
			proxyType = 1;
			remoteGlobalIDString = 77FEC0242C6F6AE800523426;
			remoteInfo = LifeOrDeath;
		};
		77FEC0402C6F6AEC00523426 /* PBXContainerItemProxy */ = {
			isa = PBXContainerItemProxy;
			containerPortal = 77FEC01D2C6F6AE800523426 /* Project object */;
			proxyType = 1;
			remoteGlobalIDString = 77FEC0242C6F6AE800523426;
			remoteInfo = LifeOrDeath;
		};
/* End PBXContainerItemProxy section */

/* Begin PBXFileReference section */
		77FEC0252C6F6AE800523426 /* LifeOrDeath.app */ = {isa = PBXFileReference; explicitFileType = wrapper.application; includeInIndex = 0; path = LifeOrDeath.app; sourceTree = BUILT_PRODUCTS_DIR; };
		77FEC0282C6F6AE800523426 /* LifeOrDeathApp.swift */ = {isa = PBXFileReference; lastKnownFileType = sourcecode.swift; path = LifeOrDeathApp.swift; sourceTree = "<group>"; };
		77FEC02A2C6F6AE800523426 /* ContentView.swift */ = {isa = PBXFileReference; lastKnownFileType = sourcecode.swift; path = ContentView.swift; sourceTree = "<group>"; };
		77FEC02C2C6F6AEC00523426 /* Assets.xcassets */ = {isa = PBXFileReference; lastKnownFileType = folder.assetcatalog; path = Assets.xcassets; sourceTree = "<group>"; };
		77FEC02F2C6F6AEC00523426 /* Preview Assets.xcassets */ = {isa = PBXFileReference; lastKnownFileType = folder.assetcatalog; path = "Preview Assets.xcassets"; sourceTree = "<group>"; };
		77FEC0352C6F6AEC00523426 /* LifeOrDeathTests.xctest */ = {isa = PBXFileReference; explicitFileType = wrapper.cfbundle; includeInIndex = 0; path = LifeOrDeathTests.xctest; sourceTree = BUILT_PRODUCTS_DIR; };
		77FEC0392C6F6AEC00523426 /* LifeOrDeathTests.swift */ = {isa = PBXFileReference; lastKnownFileType = sourcecode.swift; path = LifeOrDeathTests.swift; sourceTree = "<group>"; };
		77FEC03F2C6F6AEC00523426 /* LifeOrDeathUITests.xctest */ = {isa = PBXFileReference; explicitFileType = wrapper.cfbundle; includeInIndex = 0; path = LifeOrDeathUITests.xctest; sourceTree = BUILT_PRODUCTS_DIR; };
		77FEC0432C6F6AEC00523426 /* LifeOrDeathUITests.swift */ = {isa = PBXFileReference; lastKnownFileType = sourcecode.swift; path = LifeOrDeathUITests.swift; sourceTree = "<group>"; };
		77FEC0452C6F6AEC00523426 /* LifeOrDeathUITestsLaunchTests.swift */ = {isa = PBXFileReference; lastKnownFileType = sourcecode.swift; path = LifeOrDeathUITestsLaunchTests.swift; sourceTree = "<group>"; };
/* End PBXFileReference section */

/* Begin PBXFrameworksBuildPhase section */
		77FEC0222C6F6AE800523426 /* Frameworks */ = {
			isa = PBXFrameworksBuildPhase;
			buildActionMask = 2147483647;
			files = (
			);
			runOnlyForDeploymentPostprocessing = 0;
		};
		77FEC0322C6F6AEC00523426 /* Frameworks */ = {
			isa = PBXFrameworksBuildPhase;
			buildActionMask = 2147483647;
			files = (
			);
			runOnlyForDeploymentPostprocessing = 0;
		};
		77FEC03C2C6F6AEC00523426 /* Frameworks */ = {
			isa = PBXFrameworksBuildPhase;
			buildActionMask = 2147483647;
			files = (
			);
			runOnlyForDeploymentPostprocessing = 0;
		};
/* End PBXFrameworksBuildPhase section */

/* Begin PBXGroup section */
		77FEC01C2C6F6AE800523426 = {
			isa = PBXGroup;
			children = (
				77FEC0272C6F6AE800523426 /* LifeOrDeath */,
				77FEC0382C6F6AEC00523426 /* LifeOrDeathTests */,
				77FEC0422C6F6AEC00523426 /* LifeOrDeathUITests */,
				77FEC0262C6F6AE800523426 /* Products */,
			);
			sourceTree = "<group>";
		};
		77FEC0262C6F6AE800523426 /* Products */ = {
			isa = PBXGroup;
			children = (
				77FEC0252C6F6AE800523426 /* LifeOrDeath.app */,
				77FEC0352C6F6AEC00523426 /* LifeOrDeathTests.xctest */,
				77FEC03F2C6F6AEC00523426 /* LifeOrDeathUITests.xctest */,
			);
			name = Products;
			sourceTree = "<group>";
		};
		77FEC0272C6F6AE800523426 /* LifeOrDeath */ = {
			isa = PBXGroup;
			children = (
				77FEC0282C6F6AE800523426 /* LifeOrDeathApp.swift */,
				77FEC02A2C6F6AE800523426 /* ContentView.swift */,
				77FEC02C2C6F6AEC00523426 /* Assets.xcassets */,
				77FEC02E2C6F6AEC00523426 /* Preview Content */,
			);
			path = LifeOrDeath;
			sourceTree = "<group>";
		};
		77FEC02E2C6F6AEC00523426 /* Preview Content */ = {
			isa = PBXGroup;
			children = (
				77FEC02F2C6F6AEC00523426 /* Preview Assets.xcassets */,
			);
			path = "Preview Content";
			sourceTree = "<group>";
		};
		77FEC0382C6F6AEC00523426 /* LifeOrDeathTests */ = {
			isa = PBXGroup;
			children = (
				77FEC0392C6F6AEC00523426 /* LifeOrDeathTests.swift */,
			);
			path = LifeOrDeathTests;
			sourceTree = "<group>";
		};
		77FEC0422C6F6AEC00523426 /* LifeOrDeathUITests */ = {
			isa = PBXGroup;
			children = (
				77FEC0432C6F6AEC00523426 /* LifeOrDeathUITests.swift */,
				77FEC0452C6F6AEC00523426 /* LifeOrDeathUITestsLaunchTests.swift */,
			);
			path = LifeOrDeathUITests;
			sourceTree = "<group>";
		};
/* End PBXGroup section */

/* Begin PBXNativeTarget section */
		77FEC0242C6F6AE800523426 /* LifeOrDeath */ = {
			isa = PBXNativeTarget;
			buildConfigurationList = 77FEC0492C6F6AEC00523426 /* Build configuration list for PBXNativeTarget "LifeOrDeath" */;
			buildPhases = (
				77FEC0212C6F6AE800523426 /* Sources */,
				77FEC0222C6F6AE800523426 /* Frameworks */,
				77FEC0232C6F6AE800523426 /* Resources */,
			);
			buildRules = (
			);
			dependencies = (
			);
			name = LifeOrDeath;
			productName = LifeOrDeath;
			productReference = 77FEC0252C6F6AE800523426 /* LifeOrDeath.app */;
			productType = "com.apple.product-type.application";
		};
		77FEC0342C6F6AEC00523426 /* LifeOrDeathTests */ = {
			isa = PBXNativeTarget;
			buildConfigurationList = 77FEC04C2C6F6AEC00523426 /* Build configuration list for PBXNativeTarget "LifeOrDeathTests" */;
			buildPhases = (
				77FEC0312C6F6AEC00523426 /* Sources */,
				77FEC0322C6F6AEC00523426 /* Frameworks */,
				77FEC0332C6F6AEC00523426 /* Resources */,
			);
			buildRules = (
			);
			dependencies = (
				77FEC0372C6F6AEC00523426 /* PBXTargetDependency */,
			);
			name = LifeOrDeathTests;
			productName = LifeOrDeathTests;
			productReference = 77FEC0352C6F6AEC00523426 /* LifeOrDeathTests.xctest */;
			productType = "com.apple.product-type.bundle.unit-test";
		};
		77FEC03E2C6F6AEC00523426 /* LifeOrDeathUITests */ = {
			isa = PBXNativeTarget;
			buildConfigurationList = 77FEC04F2C6F6AEC00523426 /* Build configuration list for PBXNativeTarget "LifeOrDeathUITests" */;
			buildPhases = (
				77FEC03B2C6F6AEC00523426 /* Sources */,
				77FEC03C2C6F6AEC00523426 /* Frameworks */,
				77FEC03D2C6F6AEC00523426 /* Resources */,
			);
			buildRules = (
			);
			dependencies = (
				77FEC0412C6F6AEC00523426 /* PBXTargetDependency */,
			);
			name = LifeOrDeathUITests;
			productName = LifeOrDeathUITests;
			productReference = 77FEC03F2C6F6AEC00523426 /* LifeOrDeathUITests.xctest */;
			productType = "com.apple.product-type.bundle.ui-testing";
		};
/* End PBXNativeTarget section */

/* Begin PBXProject section */
		77FEC01D2C6F6AE800523426 /* Project object */ = {
			isa = PBXProject;
			attributes = {
				BuildIndependentTargetsInParallel = 1;
				LastSwiftUpdateCheck = 1540;
				LastUpgradeCheck = 1540;
				TargetAttributes = {
					77FEC0242C6F6AE800523426 = {
						CreatedOnToolsVersion = 15.4;
					};
					77FEC0342C6F6AEC00523426 = {
						CreatedOnToolsVersion = 15.4;
						TestTargetID = 77FEC0242C6F6AE800523426;
					};
					77FEC03E2C6F6AEC00523426 = {
						CreatedOnToolsVersion = 15.4;
						TestTargetID = 77FEC0242C6F6AE800523426;
					};
				};
			};
			buildConfigurationList = 77FEC0202C6F6AE800523426 /* Build configuration list for PBXProject "LifeOrDeath" */;
			compatibilityVersion = "Xcode 14.0";
			developmentRegion = en;
			hasScannedForEncodings = 0;
			knownRegions = (
				en,
				Base,
			);
			mainGroup = 77FEC01C2C6F6AE800523426;
			productRefGroup = 77FEC0262C6F6AE800523426 /* Products */;
			projectDirPath = "";
			projectRoot = "";
			targets = (
				77FEC0242C6F6AE800523426 /* LifeOrDeath */,
				77FEC0342C6F6AEC00523426 /* LifeOrDeathTests */,
				77FEC03E2C6F6AEC00523426 /* LifeOrDeathUITests */,
			);
		};
/* End PBXProject section */

/* Begin PBXResourcesBuildPhase section */
		77FEC0232C6F6AE800523426 /* Resources */ = {
			isa = PBXResourcesBuildPhase;
			buildActionMask = 2147483647;
			files = (
				77FEC0302C6F6AEC00523426 /* Preview Assets.xcassets in Resources */,
				77FEC02D2C6F6AEC00523426 /* Assets.xcassets in Resources */,
			);
			runOnlyForDeploymentPostprocessing = 0;
		};
		77FEC0332C6F6AEC00523426 /* Resources */ = {
			isa = PBXResourcesBuildPhase;
			buildActionMask = 2147483647;
			files = (
			);
			runOnlyForDeploymentPostprocessing = 0;
		};
		77FEC03D2C6F6AEC00523426 /* Resources */ = {
			isa = PBXResourcesBuildPhase;
			buildActionMask = 2147483647;
			files = (
			);
			runOnlyForDeploymentPostprocessing = 0;
		};
/* End PBXResourcesBuildPhase section */

/* Begin PBXSourcesBuildPhase section */
		77FEC0212C6F6AE800523426 /* Sources */ = {
			isa = PBXSourcesBuildPhase;
			buildActionMask = 2147483647;
			files = (
				77FEC02B2C6F6AE800523426 /* ContentView.swift in Sources */,
				77FEC0292C6F6AE800523426 /* LifeOrDeathApp.swift in Sources */,
			);
			runOnlyForDeploymentPostprocessing = 0;
		};
		77FEC0312C6F6AEC00523426 /* Sources */ = {
			isa = PBXSourcesBuildPhase;
			buildActionMask = 2147483647;
			files = (
				77FEC03A2C6F6AEC00523426 /* LifeOrDeathTests.swift in Sources */,
			);
			runOnlyForDeploymentPostprocessing = 0;
		};
		77FEC03B2C6F6AEC00523426 /* Sources */ = {
			isa = PBXSourcesBuildPhase;
			buildActionMask = 2147483647;
			files = (
				77FEC0462C6F6AEC00523426 /* LifeOrDeathUITestsLaunchTests.swift in Sources */,
				77FEC0442C6F6AEC00523426 /* LifeOrDeathUITests.swift in Sources */,
			);
			runOnlyForDeploymentPostprocessing = 0;
		};
/* End PBXSourcesBuildPhase section */

/* Begin PBXTargetDependency section */
		77FEC0372C6F6AEC00523426 /* PBXTargetDependency */ = {
			isa = PBXTargetDependency;
			target = 77FEC0242C6F6AE800523426 /* LifeOrDeath */;
			targetProxy = 77FEC0362C6F6AEC00523426 /* PBXContainerItemProxy */;
		};
		77FEC0412C6F6AEC00523426 /* PBXTargetDependency */ = {
			isa = PBXTargetDependency;
			target = 77FEC0242C6F6AE800523426 /* LifeOrDeath */;
			targetProxy = 77FEC0402C6F6AEC00523426 /* PBXContainerItemProxy */;
		};
/* End PBXTargetDependency section */

/* Begin XCBuildConfiguration section */
		77FEC0472C6F6AEC00523426 /* Debug */ = {
			isa = XCBuildConfiguration;
			buildSettings = {
				ALWAYS_SEARCH_USER_PATHS = NO;
				ASSETCATALOG_COMPILER_GENERATE_SWIFT_ASSET_SYMBOL_EXTENSIONS = YES;
				CLANG_ANALYZER_NONNULL = YES;
				CLANG_ANALYZER_NUMBER_OBJECT_CONVERSION = YES_AGGRESSIVE;
				CLANG_CXX_LANGUAGE_STANDARD = "gnu++20";
				CLANG_ENABLE_MODULES = YES;
				CLANG_ENABLE_OBJC_ARC = YES;
				CLANG_ENABLE_OBJC_WEAK = YES;
				CLANG_WARN_BLOCK_CAPTURE_AUTORELEASING = YES;
				CLANG_WARN_BOOL_CONVERSION = YES;
				CLANG_WARN_COMMA = YES;
				CLANG_WARN_CONSTANT_CONVERSION = YES;
				CLANG_WARN_DEPRECATED_OBJC_IMPLEMENTATIONS = YES;
				CLANG_WARN_DIRECT_OBJC_ISA_USAGE = YES_ERROR;
				CLANG_WARN_DOCUMENTATION_COMMENTS = YES;
				CLANG_WARN_EMPTY_BODY = YES;
				CLANG_WARN_ENUM_CONVERSION = YES;
				CLANG_WARN_INFINITE_RECURSION = YES;
				CLANG_WARN_INT_CONVERSION = YES;
				CLANG_WARN_NON_LITERAL_NULL_CONVERSION = YES;
				CLANG_WARN_OBJC_IMPLICIT_RETAIN_SELF = YES;
				CLANG_WARN_OBJC_LITERAL_CONVERSION = YES;
				CLANG_WARN_OBJC_ROOT_CLASS = YES_ERROR;
				CLANG_WARN_QUOTED_INCLUDE_IN_FRAMEWORK_HEADER = YES;
				CLANG_WARN_RANGE_LOOP_ANALYSIS = YES;
				CLANG_WARN_STRICT_PROTOTYPES = YES;
				CLANG_WARN_SUSPICIOUS_MOVE = YES;
				CLANG_WARN_UNGUARDED_AVAILABILITY = YES_AGGRESSIVE;
				CLANG_WARN_UNREACHABLE_CODE = YES;
				CLANG_WARN__DUPLICATE_METHOD_MATCH = YES;
				COPY_PHASE_STRIP = NO;
				DEBUG_INFORMATION_FORMAT = dwarf;
				ENABLE_STRICT_OBJC_MSGSEND = YES;
				ENABLE_TESTABILITY = YES;
				ENABLE_USER_SCRIPT_SANDBOXING = YES;
				GCC_C_LANGUAGE_STANDARD = gnu17;
				GCC_DYNAMIC_NO_PIC = NO;
				GCC_NO_COMMON_BLOCKS = YES;
				GCC_OPTIMIZATION_LEVEL = 0;
				GCC_PREPROCESSOR_DEFINITIONS = (
					"DEBUG=1",
					"$(inherited)",
				);
				GCC_WARN_64_TO_32_BIT_CONVERSION = YES;
				GCC_WARN_ABOUT_RETURN_TYPE = YES_ERROR;
				GCC_WARN_UNDECLARED_SELECTOR = YES;
				GCC_WARN_UNINITIALIZED_AUTOS = YES_AGGRESSIVE;
				GCC_WARN_UNUSED_FUNCTION = YES;
				GCC_WARN_UNUSED_VARIABLE = YES;
				IPHONEOS_DEPLOYMENT_TARGET = 17.5;
				LOCALIZATION_PREFERS_STRING_CATALOGS = YES;
				MTL_ENABLE_DEBUG_INFO = INCLUDE_SOURCE;
				MTL_FAST_MATH = YES;
				ONLY_ACTIVE_ARCH = YES;
				SDKROOT = iphoneos;
				SWIFT_ACTIVE_COMPILATION_CONDITIONS = "DEBUG $(inherited)";
				SWIFT_OPTIMIZATION_LEVEL = "-Onone";
			};
			name = Debug;
		};
		77FEC0482C6F6AEC00523426 /* Release */ = {
			isa = XCBuildConfiguration;
			buildSettings = {
				ALWAYS_SEARCH_USER_PATHS = NO;
				ASSETCATALOG_COMPILER_GENERATE_SWIFT_ASSET_SYMBOL_EXTENSIONS = YES;
				CLANG_ANALYZER_NONNULL = YES;
				CLANG_ANALYZER_NUMBER_OBJECT_CONVERSION = YES_AGGRESSIVE;
				CLANG_CXX_LANGUAGE_STANDARD = "gnu++20";
				CLANG_ENABLE_MODULES = YES;
				CLANG_ENABLE_OBJC_ARC = YES;
				CLANG_ENABLE_OBJC_WEAK = YES;
				CLANG_WARN_BLOCK_CAPTURE_AUTORELEASING = YES;
				CLANG_WARN_BOOL_CONVERSION = YES;
				CLANG_WARN_COMMA = YES;
				CLANG_WARN_CONSTANT_CONVERSION = YES;
				CLANG_WARN_DEPRECATED_OBJC_IMPLEMENTATIONS = YES;
				CLANG_WARN_DIRECT_OBJC_ISA_USAGE = YES_ERROR;
				CLANG_WARN_DOCUMENTATION_COMMENTS = YES;
				CLANG_WARN_EMPTY_BODY = YES;
				CLANG_WARN_ENUM_CONVERSION = YES;
				CLANG_WARN_INFINITE_RECURSION = YES;
				CLANG_WARN_INT_CONVERSION = YES;
				CLANG_WARN_NON_LITERAL_NULL_CONVERSION = YES;
				CLANG_WARN_OBJC_IMPLICIT_RETAIN_SELF = YES;
				CLANG_WARN_OBJC_LITERAL_CONVERSION = YES;
				CLANG_WARN_OBJC_ROOT_CLASS = YES_ERROR;
				CLANG_WARN_QUOTED_INCLUDE_IN_FRAMEWORK_HEADER = YES;
				CLANG_WARN_RANGE_LOOP_ANALYSIS = YES;
				CLANG_WARN_STRICT_PROTOTYPES = YES;
				CLANG_WARN_SUSPICIOUS_MOVE = YES;
				CLANG_WARN_UNGUARDED_AVAILABILITY = YES_AGGRESSIVE;
				CLANG_WARN_UNREACHABLE_CODE = YES;
				CLANG_WARN__DUPLICATE_METHOD_MATCH = YES;
				COPY_PHASE_STRIP = NO;
				DEBUG_INFORMATION_FORMAT = "dwarf-with-dsym";
				ENABLE_NS_ASSERTIONS = NO;
				ENABLE_STRICT_OBJC_MSGSEND = YES;
				ENABLE_USER_SCRIPT_SANDBOXING = YES;
				GCC_C_LANGUAGE_STANDARD = gnu17;
				GCC_NO_COMMON_BLOCKS = YES;
				GCC_WARN_64_TO_32_BIT_CONVERSION = YES;
				GCC_WARN_ABOUT_RETURN_TYPE = YES_ERROR;
				GCC_WARN_UNDECLARED_SELECTOR = YES;
				GCC_WARN_UNINITIALIZED_AUTOS = YES_AGGRESSIVE;
				GCC_WARN_UNUSED_FUNCTION = YES;
				GCC_WARN_UNUSED_VARIABLE = YES;
				IPHONEOS_DEPLOYMENT_TARGET = 17.5;
				LOCALIZATION_PREFERS_STRING_CATALOGS = YES;
				MTL_ENABLE_DEBUG_INFO = NO;
				MTL_FAST_MATH = YES;
				SDKROOT = iphoneos;
				SWIFT_COMPILATION_MODE = wholemodule;
				VALIDATE_PRODUCT = YES;
			};
			name = Release;
		};
		77FEC04A2C6F6AEC00523426 /* Debug */ = {
			isa = XCBuildConfiguration;
			buildSettings = {
				ASSETCATALOG_COMPILER_APPICON_NAME = AppIcon;
				ASSETCATALOG_COMPILER_GLOBAL_ACCENT_COLOR_NAME = AccentColor;
				CODE_SIGN_STYLE = Automatic;
				CURRENT_PROJECT_VERSION = 1;
				DEVELOPMENT_ASSET_PATHS = "\"LifeOrDeath/Preview Content\"";
				DEVELOPMENT_TEAM = BG2W39KZP8;
				ENABLE_PREVIEWS = YES;
				GENERATE_INFOPLIST_FILE = YES;
				INFOPLIST_KEY_UIApplicationSceneManifest_Generation = YES;
				INFOPLIST_KEY_UIApplicationSupportsIndirectInputEvents = YES;
				INFOPLIST_KEY_UILaunchScreen_Generation = YES;
				INFOPLIST_KEY_UISupportedInterfaceOrientations_iPad = "UIInterfaceOrientationPortrait UIInterfaceOrientationPortraitUpsideDown UIInterfaceOrientationLandscapeLeft UIInterfaceOrientationLandscapeRight";
				INFOPLIST_KEY_UISupportedInterfaceOrientations_iPhone = "UIInterfaceOrientationPortrait UIInterfaceOrientationLandscapeLeft UIInterfaceOrientationLandscapeRight";
				LD_RUNPATH_SEARCH_PATHS = (
					"$(inherited)",
					"@executable_path/Frameworks",
				);
				MARKETING_VERSION = 1.0;
				PRODUCT_BUNDLE_IDENTIFIER = testProject.LifeOrDeath;
				PRODUCT_NAME = "$(TARGET_NAME)";
				SWIFT_EMIT_LOC_STRINGS = YES;
				SWIFT_VERSION = 5.0;
				TARGETED_DEVICE_FAMILY = "1,2";
			};
			name = Debug;
		};
		77FEC04B2C6F6AEC00523426 /* Release */ = {
			isa = XCBuildConfiguration;
			buildSettings = {
				ASSETCATALOG_COMPILER_APPICON_NAME = AppIcon;
				ASSETCATALOG_COMPILER_GLOBAL_ACCENT_COLOR_NAME = AccentColor;
				CODE_SIGN_STYLE = Automatic;
				CURRENT_PROJECT_VERSION = 1;
				DEVELOPMENT_ASSET_PATHS = "\"LifeOrDeath/Preview Content\"";
				DEVELOPMENT_TEAM = BG2W39KZP8;
				ENABLE_PREVIEWS = YES;
				GENERATE_INFOPLIST_FILE = YES;
				INFOPLIST_KEY_UIApplicationSceneManifest_Generation = YES;
				INFOPLIST_KEY_UIApplicationSupportsIndirectInputEvents = YES;
				INFOPLIST_KEY_UILaunchScreen_Generation = YES;
				INFOPLIST_KEY_UISupportedInterfaceOrientations_iPad = "UIInterfaceOrientationPortrait UIInterfaceOrientationPortraitUpsideDown UIInterfaceOrientationLandscapeLeft UIInterfaceOrientationLandscapeRight";
				INFOPLIST_KEY_UISupportedInterfaceOrientations_iPhone = "UIInterfaceOrientationPortrait UIInterfaceOrientationLandscapeLeft UIInterfaceOrientationLandscapeRight";
				LD_RUNPATH_SEARCH_PATHS = (
					"$(inherited)",
					"@executable_path/Frameworks",
				);
				MARKETING_VERSION = 1.0;
				PRODUCT_BUNDLE_IDENTIFIER = testProject.LifeOrDeath;
				PRODUCT_NAME = "$(TARGET_NAME)";
				SWIFT_EMIT_LOC_STRINGS = YES;
				SWIFT_VERSION = 5.0;
				TARGETED_DEVICE_FAMILY = "1,2";
			};
			name = Release;
		};
		77FEC04D2C6F6AEC00523426 /* Debug */ = {
			isa = XCBuildConfiguration;
			buildSettings = {
				ALWAYS_EMBED_SWIFT_STANDARD_LIBRARIES = YES;
				BUNDLE_LOADER = "$(TEST_HOST)";
				CODE_SIGN_STYLE = Automatic;
				CURRENT_PROJECT_VERSION = 1;
				DEVELOPMENT_TEAM = BG2W39KZP8;
				GENERATE_INFOPLIST_FILE = YES;
				IPHONEOS_DEPLOYMENT_TARGET = 17.5;
				MARKETING_VERSION = 1.0;
				PRODUCT_BUNDLE_IDENTIFIER = testProject.LifeOrDeathTests;
				PRODUCT_NAME = "$(TARGET_NAME)";
				SWIFT_EMIT_LOC_STRINGS = NO;
				SWIFT_VERSION = 5.0;
				TARGETED_DEVICE_FAMILY = "1,2";
				TEST_HOST = "$(BUILT_PRODUCTS_DIR)/LifeOrDeath.app/$(BUNDLE_EXECUTABLE_FOLDER_PATH)/LifeOrDeath";
			};
			name = Debug;
		};
		77FEC04E2C6F6AEC00523426 /* Release */ = {
			isa = XCBuildConfiguration;
			buildSettings = {
				ALWAYS_EMBED_SWIFT_STANDARD_LIBRARIES = YES;
				BUNDLE_LOADER = "$(TEST_HOST)";
				CODE_SIGN_STYLE = Automatic;
				CURRENT_PROJECT_VERSION = 1;
				DEVELOPMENT_TEAM = BG2W39KZP8;
				GENERATE_INFOPLIST_FILE = YES;
				IPHONEOS_DEPLOYMENT_TARGET = 17.5;
				MARKETING_VERSION = 1.0;
				PRODUCT_BUNDLE_IDENTIFIER = testProject.LifeOrDeathTests;
				PRODUCT_NAME = "$(TARGET_NAME)";
				SWIFT_EMIT_LOC_STRINGS = NO;
				SWIFT_VERSION = 5.0;
				TARGETED_DEVICE_FAMILY = "1,2";
				TEST_HOST = "$(BUILT_PRODUCTS_DIR)/LifeOrDeath.app/$(BUNDLE_EXECUTABLE_FOLDER_PATH)/LifeOrDeath";
			};
			name = Release;
		};
		77FEC0502C6F6AEC00523426 /* Debug */ = {
			isa = XCBuildConfiguration;
			buildSettings = {
				ALWAYS_EMBED_SWIFT_STANDARD_LIBRARIES = YES;
				CODE_SIGN_STYLE = Automatic;
				CURRENT_PROJECT_VERSION = 1;
				DEVELOPMENT_TEAM = BG2W39KZP8;
				GENERATE_INFOPLIST_FILE = YES;
				MARKETING_VERSION = 1.0;
				PRODUCT_BUNDLE_IDENTIFIER = testProject.LifeOrDeathUITests;
				PRODUCT_NAME = "$(TARGET_NAME)";
				SWIFT_EMIT_LOC_STRINGS = NO;
				SWIFT_VERSION = 5.0;
				TARGETED_DEVICE_FAMILY = "1,2";
				TEST_TARGET_NAME = LifeOrDeath;
			};
			name = Debug;
		};
		77FEC0512C6F6AEC00523426 /* Release */ = {
			isa = XCBuildConfiguration;
			buildSettings = {
				ALWAYS_EMBED_SWIFT_STANDARD_LIBRARIES = YES;
				CODE_SIGN_STYLE = Automatic;
				CURRENT_PROJECT_VERSION = 1;
				DEVELOPMENT_TEAM = BG2W39KZP8;
				GENERATE_INFOPLIST_FILE = YES;
				MARKETING_VERSION = 1.0;
				PRODUCT_BUNDLE_IDENTIFIER = testProject.LifeOrDeathUITests;
				PRODUCT_NAME = "$(TARGET_NAME)";
				SWIFT_EMIT_LOC_STRINGS = NO;
				SWIFT_VERSION = 5.0;
				TARGETED_DEVICE_FAMILY = "1,2";
				TEST_TARGET_NAME = LifeOrDeath;
			};
			name = Release;
		};
/* End XCBuildConfiguration section */

/* Begin XCConfigurationList section */
		77FEC0202C6F6AE800523426 /* Build configuration list for PBXProject "LifeOrDeath" */ = {
			isa = XCConfigurationList;
			buildConfigurations = (
				77FEC0472C6F6AEC00523426 /* Debug */,
				77FEC0482C6F6AEC00523426 /* Release */,
			);
			defaultConfigurationIsVisible = 0;
			defaultConfigurationName = Release;
		};
		77FEC0492C6F6AEC00523426 /* Build configuration list for PBXNativeTarget "LifeOrDeath" */ = {
			isa = XCConfigurationList;
			buildConfigurations = (
				77FEC04A2C6F6AEC00523426 /* Debug */,
				77FEC04B2C6F6AEC00523426 /* Release */,
			);
			defaultConfigurationIsVisible = 0;
			defaultConfigurationName = Release;
		};
		77FEC04C2C6F6AEC00523426 /* Build configuration list for PBXNativeTarget "LifeOrDeathTests" */ = {
			isa = XCConfigurationList;
			buildConfigurations = (
				77FEC04D2C6F6AEC00523426 /* Debug */,
				77FEC04E2C6F6AEC00523426 /* Release */,
			);
			defaultConfigurationIsVisible = 0;
			defaultConfigurationName = Release;
		};
		77FEC04F2C6F6AEC00523426 /* Build configuration list for PBXNativeTarget "LifeOrDeathUITests" */ = {
			isa = XCConfigurationList;
			buildConfigurations = (
				77FEC0502C6F6AEC00523426 /* Debug */,
				77FEC0512C6F6AEC00523426 /* Release */,
			);
			defaultConfigurationIsVisible = 0;
			defaultConfigurationName = Release;
		};
/* End XCConfigurationList section */
	};
	rootObject = 77FEC01D2C6F6AE800523426 /* Project object */;
}
